
Microsoft Visual Studio Solution File, Format Version 12.00
# Visual Studio Version 17
VisualStudioVersion = 17.7.34031.279
MinimumVisualStudioVersion = 10.0.40219.1
Project("{FAE04EC0-301F-11D3-BF4B-00C04F79EFBC}") = "Library", "Library.csproj", "{7A8B0501-E29D-4D2E-982C-E31B8332754D}"
EndProject
Global
	GlobalSection(SolutionConfigurationPlatforms) = preSolution
		Debug|Any CPU = Debug|Any CPU
		Release|Any CPU = Release|Any CPU
	EndGlobalSection
	GlobalSection(ProjectConfigurationPlatforms) = postSolution
		{7A8B0501-E29D-4D2E-982C-E31B8332754D}.Debug|Any CPU.ActiveCfg = Debug|Any CPU
		{7A8B0501-E29D-4D2E-982C-E31B8332754D}.Debug|Any CPU.Build.0 = Debug|Any CPU
		{7A8B0501-E29D-4D2E-982C-E31B8332754D}.Release|Any CPU.ActiveCfg = Release|Any CPU
		{7A8B0501-E29D-4D2E-982C-E31B8332754D}.Release|Any CPU.Build.0 = Release|Any CPU
	EndGlobalSection
	GlobalSection(SolutionProperties) = preSolution
		HideSolutionNode = FALSE
	EndGlobalSection
	GlobalSection(ExtensibilityGlobals) = postSolution
		SolutionGuid = {8A8BF40D-967D-4177-87AD-0E8D9CB6B4DD}
	EndGlobalSection
EndGlobal
